
Microsoft Visual Studio Solution File, Format Version 12.00
# Visual Studio Version 17
VisualStudioVersion = 17.9.34902.65
MinimumVisualStudioVersion = 10.0.40219.1
Project("{9A19103F-16F7-4668-BE54-9A1E7A4F7556}") = "ePersonelServer.WebAPI", "ePersonelServer.WebAPI.csproj", "{534F5554-95AD-443B-B6F2-A2B6F8EAB868}"
EndProject
Global
	GlobalSection(SolutionConfigurationPlatforms) = preSolution
		Debug|Any CPU = Debug|Any CPU
		Release|Any CPU = Release|Any CPU
	EndGlobalSection
	GlobalSection(ProjectConfigurationPlatforms) = postSolution
		{534F5554-95AD-443B-B6F2-A2B6F8EAB868}.Debug|Any CPU.ActiveCfg = Debug|Any CPU
		{534F5554-95AD-443B-B6F2-A2B6F8EAB868}.Debug|Any CPU.Build.0 = Debug|Any CPU
		{534F5554-95AD-443B-B6F2-A2B6F8EAB868}.Release|Any CPU.ActiveCfg = Release|Any CPU
		{534F5554-95AD-443B-B6F2-A2B6F8EAB868}.Release|Any CPU.Build.0 = Release|Any CPU
	EndGlobalSection
	GlobalSection(SolutionProperties) = preSolution
		HideSolutionNode = FALSE
	EndGlobalSection
	GlobalSection(ExtensibilityGlobals) = postSolution
		SolutionGuid = {41DDD5CC-A9A2-4CB0-B2D3-35539AD6B4FB}
	EndGlobalSection
EndGlobal
